# This file is automatically @generated by Cargo.
# It is not intended for manual editing.
version = 4

[[package]]
name = "api"
version = "0.1.0"
dependencies = [
 "rmb-core",
]

[[package]]
name = "indexer"
version = "0.1.0"
dependencies = [
 "rmb-core",
]

[[package]]
name = "rmb-core"
version = "0.1.0"
